
Microsoft Visual Studio Solution File, Format Version 12.00
# Visual Studio Version 16
VisualStudioVersion = 16.0.31728.76
MinimumVisualStudioVersion = 10.0.40219.1
Project("{9A19103F-16F7-4668-BE54-9A1E7A4F7556}") = "API", "API\API.csproj", "{5C6C27FD-3EC0-4E0A-B2A9-6D7FE10196A8}"
EndProject
Project("{FAE04EC0-301F-11D3-BF4B-00C04F79EFBC}") = "Client", "Client\Client.csproj", "{EBE536A1-42C0-4CF8-B795-F17DF44C37E5}"
EndProject
Global
	GlobalSection(SolutionConfigurationPlatforms) = preSolution
		Debug|Any CPU = Debug|Any CPU
		Release|Any CPU = Release|Any CPU
	EndGlobalSection
	GlobalSection(ProjectConfigurationPlatforms) = postSolution
		{5C6C27FD-3EC0-4E0A-B2A9-6D7FE10196A8}.Debug|Any CPU.ActiveCfg = Debug|Any CPU
		{5C6C27FD-3EC0-4E0A-B2A9-6D7FE10196A8}.Debug|Any CPU.Build.0 = Debug|Any CPU
		{5C6C27FD-3EC0-4E0A-B2A9-6D7FE10196A8}.Release|Any CPU.ActiveCfg = Release|Any CPU
		{5C6C27FD-3EC0-4E0A-B2A9-6D7FE10196A8}.Release|Any CPU.Build.0 = Release|Any CPU
		{EBE536A1-42C0-4CF8-B795-F17DF44C37E5}.Debug|Any CPU.ActiveCfg = Debug|Any CPU
		{EBE536A1-42C0-4CF8-B795-F17DF44C37E5}.Debug|Any CPU.Build.0 = Debug|Any CPU
		{EBE536A1-42C0-4CF8-B795-F17DF44C37E5}.Release|Any CPU.ActiveCfg = Release|Any CPU
		{EBE536A1-42C0-4CF8-B795-F17DF44C37E5}.Release|Any CPU.Build.0 = Release|Any CPU
	EndGlobalSection
	GlobalSection(SolutionProperties) = preSolution
		HideSolutionNode = FALSE
	EndGlobalSection
	GlobalSection(ExtensibilityGlobals) = postSolution
		SolutionGuid = {04C672C4-7CAD-4CEB-9240-2840A55935D7}
	EndGlobalSection
EndGlobal
